
Microsoft Visual Studio Solution File, Format Version 12.00
# Visual Studio Version 17
VisualStudioVersion = 17.6.33815.320
MinimumVisualStudioVersion = 10.0.40219.1
Project("{2150E333-8FDC-42A3-9474-1A3956D46DE8}") = "src", "src", "{1E7A28C7-5452-4692-BFB5-F79F796CBF52}"
EndProject
Project("{2150E333-8FDC-42A3-9474-1A3956D46DE8}") = "tests", "tests", "{AF9D3E99-46C2-496E-894D-2F59EA1D7A9F}"
EndProject
Project("{FAE04EC0-301F-11D3-BF4B-00C04F79EFBC}") = "Fiap.McTech.UI", "src\Fiap.McTech.UI\Fiap.McTech.UI.csproj", "{D342B300-5183-4BA4-8E8D-5E04EC75D338}"
EndProject
Project("{FAE04EC0-301F-11D3-BF4B-00C04F79EFBC}") = "Fiap.McTech.Domain", "src\Fiap.McTech.Domain\Fiap.McTech.Domain.csproj", "{C3FB6D11-E857-4E95-9133-926324F6DAFC}"
EndProject
Project("{FAE04EC0-301F-11D3-BF4B-00C04F79EFBC}") = "Fiap.McTech.Infra", "src\Fiap.McTech.Infra\Fiap.McTech.Infra.csproj", "{49FD8DF3-225D-433D-94B9-D61508AC3427}"
EndProject
Project("{FAE04EC0-301F-11D3-BF4B-00C04F79EFBC}") = "Fiap.McTech.Application", "src\Fiap.McTech.Application\Fiap.McTech.Application.csproj", "{D4D2A5EA-E376-476C-B11F-8BA2A8A7AA0D}"
EndProject
Project("{FAE04EC0-301F-11D3-BF4B-00C04F79EFBC}") = "Fiap.McTech.CrossCutting.Ioc", "src\Fiap.McTech.CrossCutting.Ioc\Fiap.McTech.CrossCutting.Ioc.csproj", "{3850682D-F84E-46C8-BF97-CE6985302AB6}"
EndProject
Project("{FAE04EC0-301F-11D3-BF4B-00C04F79EFBC}") = "Fiap.McTech.UnitTests", "tests\Fiap.McTech.UnitTests\Fiap.McTech.UnitTests.csproj", "{8FB5A7D3-90EE-45D6-B86D-48235639D40A}"
EndProject
Global
	GlobalSection(SolutionConfigurationPlatforms) = preSolution
		Debug|Any CPU = Debug|Any CPU
		Release|Any CPU = Release|Any CPU
	EndGlobalSection
	GlobalSection(ProjectConfigurationPlatforms) = postSolution
		{D342B300-5183-4BA4-8E8D-5E04EC75D338}.Debug|Any CPU.ActiveCfg = Debug|Any CPU
		{D342B300-5183-4BA4-8E8D-5E04EC75D338}.Debug|Any CPU.Build.0 = Debug|Any CPU
		{D342B300-5183-4BA4-8E8D-5E04EC75D338}.Release|Any CPU.ActiveCfg = Release|Any CPU
		{D342B300-5183-4BA4-8E8D-5E04EC75D338}.Release|Any CPU.Build.0 = Release|Any CPU
		{C3FB6D11-E857-4E95-9133-926324F6DAFC}.Debug|Any CPU.ActiveCfg = Debug|Any CPU
		{C3FB6D11-E857-4E95-9133-926324F6DAFC}.Debug|Any CPU.Build.0 = Debug|Any CPU
		{C3FB6D11-E857-4E95-9133-926324F6DAFC}.Release|Any CPU.ActiveCfg = Release|Any CPU
		{C3FB6D11-E857-4E95-9133-926324F6DAFC}.Release|Any CPU.Build.0 = Release|Any CPU
		{49FD8DF3-225D-433D-94B9-D61508AC3427}.Debug|Any CPU.ActiveCfg = Debug|Any CPU
		{49FD8DF3-225D-433D-94B9-D61508AC3427}.Debug|Any CPU.Build.0 = Debug|Any CPU
		{49FD8DF3-225D-433D-94B9-D61508AC3427}.Release|Any CPU.ActiveCfg = Release|Any CPU
		{49FD8DF3-225D-433D-94B9-D61508AC3427}.Release|Any CPU.Build.0 = Release|Any CPU
		{D4D2A5EA-E376-476C-B11F-8BA2A8A7AA0D}.Debug|Any CPU.ActiveCfg = Debug|Any CPU
		{D4D2A5EA-E376-476C-B11F-8BA2A8A7AA0D}.Debug|Any CPU.Build.0 = Debug|Any CPU
		{D4D2A5EA-E376-476C-B11F-8BA2A8A7AA0D}.Release|Any CPU.ActiveCfg = Release|Any CPU
		{D4D2A5EA-E376-476C-B11F-8BA2A8A7AA0D}.Release|Any CPU.Build.0 = Release|Any CPU
		{3850682D-F84E-46C8-BF97-CE6985302AB6}.Debug|Any CPU.ActiveCfg = Debug|Any CPU
		{3850682D-F84E-46C8-BF97-CE6985302AB6}.Debug|Any CPU.Build.0 = Debug|Any CPU
		{3850682D-F84E-46C8-BF97-CE6985302AB6}.Release|Any CPU.ActiveCfg = Release|Any CPU
		{3850682D-F84E-46C8-BF97-CE6985302AB6}.Release|Any CPU.Build.0 = Release|Any CPU
		{8FB5A7D3-90EE-45D6-B86D-48235639D40A}.Debug|Any CPU.ActiveCfg = Debug|Any CPU
		{8FB5A7D3-90EE-45D6-B86D-48235639D40A}.Debug|Any CPU.Build.0 = Debug|Any CPU
		{8FB5A7D3-90EE-45D6-B86D-48235639D40A}.Release|Any CPU.ActiveCfg = Release|Any CPU
		{8FB5A7D3-90EE-45D6-B86D-48235639D40A}.Release|Any CPU.Build.0 = Release|Any CPU
	EndGlobalSection
	GlobalSection(SolutionProperties) = preSolution
		HideSolutionNode = FALSE
	EndGlobalSection
	GlobalSection(NestedProjects) = preSolution
		{D342B300-5183-4BA4-8E8D-5E04EC75D338} = {1E7A28C7-5452-4692-BFB5-F79F796CBF52}
		{C3FB6D11-E857-4E95-9133-926324F6DAFC} = {1E7A28C7-5452-4692-BFB5-F79F796CBF52}
		{49FD8DF3-225D-433D-94B9-D61508AC3427} = {1E7A28C7-5452-4692-BFB5-F79F796CBF52}
		{D4D2A5EA-E376-476C-B11F-8BA2A8A7AA0D} = {1E7A28C7-5452-4692-BFB5-F79F796CBF52}
		{3850682D-F84E-46C8-BF97-CE6985302AB6} = {1E7A28C7-5452-4692-BFB5-F79F796CBF52}
		{8FB5A7D3-90EE-45D6-B86D-48235639D40A} = {AF9D3E99-46C2-496E-894D-2F59EA1D7A9F}
	EndGlobalSection
	GlobalSection(ExtensibilityGlobals) = postSolution
		SolutionGuid = {198C4A27-5AC8-4896-B628-BFEA2E289080}
	EndGlobalSection
EndGlobal
